{
  "nodes": {
    "firmware-loader": {
      "inputs": {
        "flake-parts": "flake-parts",
        "nixpkgs": [
          "nixpkgs"
        ],
        "rust-overlay": "rust-overlay"
      },
      "locked": {
        "lastModified": 1727718894,
        "narHash": "sha256-2RDtgGJz3UVe3WP5m0/4kbG2fMjMFxfPJXXkcO7kntE=",
        "owner": "juliamertz",
        "repo": "glove80-firmware-updater",
        "rev": "6418721d1b08586853267d48d5e4e40352e03f04",
        "type": "github"
      },
      "original": {
        "owner": "juliamertz",
        "repo": "glove80-firmware-updater",
        "type": "github"
      }
    },
    "flake-parts": {
      "inputs": {
        "nixpkgs-lib": [
          "firmware-loader",
          "nixpkgs"
        ]
      },
      "locked": {
        "lastModified": 1726153070,
        "narHash": "sha256-HO4zgY0ekfwO5bX0QH/3kJ/h4KvUDFZg8YpkNwIbg1U=",
        "owner": "hercules-ci",
        "repo": "flake-parts",
        "rev": "bcef6817a8b2aa20a5a6dbb19b43e63c5bf8619a",
        "type": "github"
      },
      "original": {
        "owner": "hercules-ci",
        "repo": "flake-parts",
        "type": "github"
      }
    },
    "flake-parts_2": {
      "inputs": {
        "nixpkgs-lib": [
          "nixpkgs"
        ]
      },
      "locked": {
        "lastModified": 1726153070,
        "narHash": "sha256-HO4zgY0ekfwO5bX0QH/3kJ/h4KvUDFZg8YpkNwIbg1U=",
        "owner": "hercules-ci",
        "repo": "flake-parts",
        "rev": "bcef6817a8b2aa20a5a6dbb19b43e63c5bf8619a",
        "type": "github"
      },
      "original": {
        "owner": "hercules-ci",
        "repo": "flake-parts",
        "type": "github"
      }
    },
    "glove80-zmk": {
      "flake": false,
      "locked": {
        "lastModified": 1716636649,
        "narHash": "sha256-b9M0/yZ3oUxKHOjwLxDQXEn/neVE1jhuEFDB5AWXTRA=",
        "owner": "darknao",
        "repo": "zmk",
        "rev": "6d82f4819c71df9fea7b8e4f7936c60f4b6a50b4",
        "type": "github"
      },
      "original": {
        "owner": "darknao",
        "ref": "darknao/rgb-dts",
        "repo": "zmk",
        "type": "github"
      }
    },
    "nixpkgs": {
      "locked": {
        "lastModified": 1727634051,
        "narHash": "sha256-S5kVU7U82LfpEukbn/ihcyNt2+EvG7Z5unsKW9H/yFA=",
        "owner": "nixos",
        "repo": "nixpkgs",
        "rev": "06cf0e1da4208d3766d898b7fdab6513366d45b9",
        "type": "github"
      },
      "original": {
        "owner": "nixos",
        "ref": "nixos-unstable",
        "repo": "nixpkgs",
        "type": "github"
      }
    },
    "root": {
      "inputs": {
        "firmware-loader": "firmware-loader",
        "flake-parts": "flake-parts_2",
        "glove80-zmk": "glove80-zmk",
        "nixpkgs": "nixpkgs"
      }
    },
    "rust-overlay": {
      "inputs": {
        "nixpkgs": [
          "firmware-loader",
          "nixpkgs"
        ]
      },
      "locked": {
        "lastModified": 1727577080,
        "narHash": "sha256-2LPT76Acp6ebt7fCt90eq/M8T2+X09s/yTVgfVFrtno=",
        "owner": "oxalica",
        "repo": "rust-overlay",
        "rev": "73a833855442ce8cee710cf4d8d054fea1c81196",
        "type": "github"
      },
      "original": {
        "owner": "oxalica",
        "repo": "rust-overlay",
        "type": "github"
      }
    }
  },
  "root": "root",
  "version": 7
}
