{
  "nodes": {
    "dtsfmt": {
      "inputs": {
        "flake-parts": "flake-parts",
        "nixpkgs": [
          "nixpkgs"
        ],
        "rust-overlay": "rust-overlay",
        "tree-sitter-devicetree": "tree-sitter-devicetree"
      },
      "locked": {
        "lastModified": 1744831824,
        "narHash": "sha256-uT96jw5cLtpyGv4KtVQf3mLVyuAZn/MFCpZcWupq1dk=",
        "owner": "juliamertz",
        "repo": "dtsfmt",
        "rev": "c029563b4cea70455ccfb472822f3835930cc491",
        "type": "github"
      },
      "original": {
        "owner": "juliamertz",
        "repo": "dtsfmt",
        "type": "github"
      }
    },
    "firmware-loader": {
      "inputs": {
        "flake-parts": "flake-parts_2",
        "nixpkgs": [
          "nixpkgs"
        ],
        "rust-overlay": "rust-overlay_2"
      },
      "locked": {
        "lastModified": 1728740666,
        "narHash": "sha256-uob2suzN85bHNWhk2MkDhvMw1ydRs7eKwiKDZsuKT28=",
        "owner": "juliamertz",
        "repo": "glove80-firmware-updater",
        "rev": "e9938f848dae2eaebbd5c7586c6dfa9b9dc78adb",
        "type": "github"
      },
      "original": {
        "owner": "juliamertz",
        "repo": "glove80-firmware-updater",
        "type": "github"
      }
    },
    "flake-parts": {
      "inputs": {
        "nixpkgs-lib": [
          "dtsfmt",
          "nixpkgs"
        ]
      },
      "locked": {
        "lastModified": 1730504689,
        "narHash": "sha256-hgmguH29K2fvs9szpq2r3pz2/8cJd2LPS+b4tfNFCwE=",
        "owner": "hercules-ci",
        "repo": "flake-parts",
        "rev": "506278e768c2a08bec68eb62932193e341f55c90",
        "type": "github"
      },
      "original": {
        "owner": "hercules-ci",
        "repo": "flake-parts",
        "type": "github"
      }
    },
    "flake-parts_2": {
      "inputs": {
        "nixpkgs-lib": [
          "firmware-loader",
          "nixpkgs"
        ]
      },
      "locked": {
        "lastModified": 1726153070,
        "narHash": "sha256-HO4zgY0ekfwO5bX0QH/3kJ/h4KvUDFZg8YpkNwIbg1U=",
        "owner": "hercules-ci",
        "repo": "flake-parts",
        "rev": "bcef6817a8b2aa20a5a6dbb19b43e63c5bf8619a",
        "type": "github"
      },
      "original": {
        "owner": "hercules-ci",
        "repo": "flake-parts",
        "type": "github"
      }
    },
    "flake-parts_3": {
      "inputs": {
        "nixpkgs-lib": [
          "nixpkgs"
        ]
      },
      "locked": {
        "lastModified": 1743550720,
        "narHash": "sha256-hIshGgKZCgWh6AYJpJmRgFdR3WUbkY04o82X05xqQiY=",
        "owner": "hercules-ci",
        "repo": "flake-parts",
        "rev": "c621e8422220273271f52058f618c94e405bb0f5",
        "type": "github"
      },
      "original": {
        "owner": "hercules-ci",
        "repo": "flake-parts",
        "type": "github"
      }
    },
    "flake-utils": {
      "inputs": {
        "systems": "systems"
      },
      "locked": {
        "lastModified": 1726560853,
        "narHash": "sha256-X6rJYSESBVr3hBoH0WbKE5KvhPU5bloyZ2L4K60/fPQ=",
        "owner": "numtide",
        "repo": "flake-utils",
        "rev": "c1dfcf08411b08f6b8615f7d8971a2bfa81d5e8a",
        "type": "github"
      },
      "original": {
        "owner": "numtide",
        "repo": "flake-utils",
        "type": "github"
      }
    },
    "glove80-zmk": {
      "flake": false,
      "locked": {
        "lastModified": 1744564110,
        "narHash": "sha256-YcmNBGbZhwaTvuMhctt/SGrs9AVWao4/Ww4fdOmr1QQ=",
        "owner": "darknao",
        "repo": "zmk",
        "rev": "146c713ae1ce142dd10970d10d9fcb3462ada09d",
        "type": "github"
      },
      "original": {
        "owner": "darknao",
        "ref": "rgb-layer-24.12",
        "repo": "zmk",
        "type": "github"
      }
    },
    "keymap-drawer": {
      "flake": false,
      "locked": {
        "lastModified": 1745620380,
        "narHash": "sha256-+TzTHPFS17LqkQiTAElpSHyQ37PA9yN+u2zVCWO7pk0=",
        "owner": "caksoylar",
        "repo": "keymap-drawer",
        "rev": "b02a3d8c0fdfe2a0edde580707b9db43301f317e",
        "type": "github"
      },
      "original": {
        "owner": "caksoylar",
        "repo": "keymap-drawer",
        "type": "github"
      }
    },
    "nix-github-actions": {
      "inputs": {
        "nixpkgs": [
          "poetry2nix",
          "nixpkgs"
        ]
      },
      "locked": {
        "lastModified": 1729742964,
        "narHash": "sha256-B4mzTcQ0FZHdpeWcpDYPERtyjJd/NIuaQ9+BV1h+MpA=",
        "owner": "nix-community",
        "repo": "nix-github-actions",
        "rev": "e04df33f62cdcf93d73e9a04142464753a16db67",
        "type": "github"
      },
      "original": {
        "owner": "nix-community",
        "repo": "nix-github-actions",
        "type": "github"
      }
    },
    "nixpkgs": {
      "locked": {
        "lastModified": 1745526057,
        "narHash": "sha256-ITSpPDwvLBZBnPRS2bUcHY3gZSwis/uTe255QgMtTLA=",
        "owner": "nixos",
        "repo": "nixpkgs",
        "rev": "f771eb401a46846c1aebd20552521b233dd7e18b",
        "type": "github"
      },
      "original": {
        "owner": "nixos",
        "ref": "nixos-unstable",
        "repo": "nixpkgs",
        "type": "github"
      }
    },
    "poetry2nix": {
      "inputs": {
        "flake-utils": "flake-utils",
        "nix-github-actions": "nix-github-actions",
        "nixpkgs": [
          "nixpkgs"
        ],
        "systems": "systems_2",
        "treefmt-nix": "treefmt-nix"
      },
      "locked": {
        "lastModified": 1743690424,
        "narHash": "sha256-cX98bUuKuihOaRp8dNV1Mq7u6/CQZWTPth2IJPATBXc=",
        "owner": "nix-community",
        "repo": "poetry2nix",
        "rev": "ce2369db77f45688172384bbeb962bc6c2ea6f94",
        "type": "github"
      },
      "original": {
        "owner": "nix-community",
        "repo": "poetry2nix",
        "type": "github"
      }
    },
    "root": {
      "inputs": {
        "dtsfmt": "dtsfmt",
        "firmware-loader": "firmware-loader",
        "flake-parts": "flake-parts_3",
        "glove80-zmk": "glove80-zmk",
        "keymap-drawer": "keymap-drawer",
        "nixpkgs": "nixpkgs",
        "poetry2nix": "poetry2nix",
        "systems": "systems_3",
        "zmk-helpers": "zmk-helpers"
      }
    },
    "rust-overlay": {
      "inputs": {
        "nixpkgs": [
          "dtsfmt",
          "nixpkgs"
        ]
      },
      "locked": {
        "lastModified": 1731378398,
        "narHash": "sha256-a0QWaiX8+AJ9/XBLGMDy6c90GD7HzpxKVdlFwCke5Pw=",
        "owner": "oxalica",
        "repo": "rust-overlay",
        "rev": "0ae9fc2f2fe5361837d59c0bdebbda176427111e",
        "type": "github"
      },
      "original": {
        "owner": "oxalica",
        "repo": "rust-overlay",
        "type": "github"
      }
    },
    "rust-overlay_2": {
      "inputs": {
        "nixpkgs": [
          "firmware-loader",
          "nixpkgs"
        ]
      },
      "locked": {
        "lastModified": 1727577080,
        "narHash": "sha256-2LPT76Acp6ebt7fCt90eq/M8T2+X09s/yTVgfVFrtno=",
        "owner": "oxalica",
        "repo": "rust-overlay",
        "rev": "73a833855442ce8cee710cf4d8d054fea1c81196",
        "type": "github"
      },
      "original": {
        "owner": "oxalica",
        "repo": "rust-overlay",
        "type": "github"
      }
    },
    "systems": {
      "locked": {
        "lastModified": 1681028828,
        "narHash": "sha256-Vy1rq5AaRuLzOxct8nz4T6wlgyUR7zLU309k9mBC768=",
        "owner": "nix-systems",
        "repo": "default",
        "rev": "da67096a3b9bf56a91d16901293e51ba5b49a27e",
        "type": "github"
      },
      "original": {
        "owner": "nix-systems",
        "repo": "default",
        "type": "github"
      }
    },
    "systems_2": {
      "locked": {
        "lastModified": 1681028828,
        "narHash": "sha256-Vy1rq5AaRuLzOxct8nz4T6wlgyUR7zLU309k9mBC768=",
        "owner": "nix-systems",
        "repo": "default",
        "rev": "da67096a3b9bf56a91d16901293e51ba5b49a27e",
        "type": "github"
      },
      "original": {
        "owner": "nix-systems",
        "repo": "default",
        "type": "github"
      }
    },
    "systems_3": {
      "locked": {
        "lastModified": 1681028828,
        "narHash": "sha256-Vy1rq5AaRuLzOxct8nz4T6wlgyUR7zLU309k9mBC768=",
        "owner": "nix-systems",
        "repo": "default",
        "rev": "da67096a3b9bf56a91d16901293e51ba5b49a27e",
        "type": "github"
      },
      "original": {
        "owner": "nix-systems",
        "repo": "default",
        "type": "github"
      }
    },
    "tree-sitter-devicetree": {
      "flake": false,
      "locked": {
        "lastModified": 1701095935,
        "narHash": "sha256-SPniumaOh5f943CkGcGcscJLuPgsYPSb3nnKHIkrqwQ=",
        "owner": "mskelton",
        "repo": "tree-sitter-devicetree",
        "rev": "376f28880f0d82c3c1c018231ab4affcb25b2d9a",
        "type": "github"
      },
      "original": {
        "owner": "mskelton",
        "ref": "ifdef",
        "repo": "tree-sitter-devicetree",
        "type": "github"
      }
    },
    "treefmt-nix": {
      "inputs": {
        "nixpkgs": [
          "poetry2nix",
          "nixpkgs"
        ]
      },
      "locked": {
        "lastModified": 1730120726,
        "narHash": "sha256-LqHYIxMrl/1p3/kvm2ir925tZ8DkI0KA10djk8wecSk=",
        "owner": "numtide",
        "repo": "treefmt-nix",
        "rev": "9ef337e492a5555d8e17a51c911ff1f02635be15",
        "type": "github"
      },
      "original": {
        "owner": "numtide",
        "repo": "treefmt-nix",
        "type": "github"
      }
    },
    "zmk-helpers": {
      "flake": false,
      "locked": {
        "lastModified": 1741050295,
        "narHash": "sha256-8RR2miFqAeNnO0iJfPJ1v+Z7pZTFp86GpSjK+Yf/mZY=",
        "owner": "urob",
        "repo": "zmk-helpers",
        "rev": "8d7e79731803c961bae61f6fc8ffa3a35a62e5eb",
        "type": "github"
      },
      "original": {
        "owner": "urob",
        "repo": "zmk-helpers",
        "type": "github"
      }
    }
  },
  "root": "root",
  "version": 7
}
